
Microsoft Visual Studio Solution File, Format Version 12.00
# Visual Studio Version 16
VisualStudioVersion = 16.0.31402.337
MinimumVisualStudioVersion = 10.0.40219.1
Project("{FAE04EC0-301F-11D3-BF4B-00C04F79EFBC}") = "EmployeePortalModels", "EmployeePortalModels\EmployeePortalModels.csproj", "{CAF0CF5A-4A07-48D9-948F-20529896CE2D}"
EndProject
Project("{FAE04EC0-301F-11D3-BF4B-00C04F79EFBC}") = "EmployeePortalModelsUnitTests", "EmployeePortalModelsUnitTests\EmployeePortalModelsUnitTests.csproj", "{2EF7BE4E-006E-47FF-A42B-804DCCF42C9C}"
EndProject
Global
	GlobalSection(SolutionConfigurationPlatforms) = preSolution
		Debug|Any CPU = Debug|Any CPU
		Release|Any CPU = Release|Any CPU
	EndGlobalSection
	GlobalSection(ProjectConfigurationPlatforms) = postSolution
		{CAF0CF5A-4A07-48D9-948F-20529896CE2D}.Debug|Any CPU.ActiveCfg = Debug|Any CPU
		{CAF0CF5A-4A07-48D9-948F-20529896CE2D}.Debug|Any CPU.Build.0 = Debug|Any CPU
		{CAF0CF5A-4A07-48D9-948F-20529896CE2D}.Release|Any CPU.ActiveCfg = Release|Any CPU
		{CAF0CF5A-4A07-48D9-948F-20529896CE2D}.Release|Any CPU.Build.0 = Release|Any CPU
		{2EF7BE4E-006E-47FF-A42B-804DCCF42C9C}.Debug|Any CPU.ActiveCfg = Debug|Any CPU
		{2EF7BE4E-006E-47FF-A42B-804DCCF42C9C}.Debug|Any CPU.Build.0 = Debug|Any CPU
		{2EF7BE4E-006E-47FF-A42B-804DCCF42C9C}.Release|Any CPU.ActiveCfg = Release|Any CPU
		{2EF7BE4E-006E-47FF-A42B-804DCCF42C9C}.Release|Any CPU.Build.0 = Release|Any CPU
	EndGlobalSection
	GlobalSection(SolutionProperties) = preSolution
		HideSolutionNode = FALSE
	EndGlobalSection
	GlobalSection(ExtensibilityGlobals) = postSolution
		SolutionGuid = {77505011-4E06-490A-A3A8-22AE10F9A1AC}
	EndGlobalSection
EndGlobal
